
Microsoft Visual Studio Solution File, Format Version 12.00
# Visual Studio Version 17
VisualStudioVersion = 17.8.34408.163
MinimumVisualStudioVersion = 10.0.40219.1
Project("{FAE04EC0-301F-11D3-BF4B-00C04F79EFBC}") = "Bai2", "Lab1\Bai2.csproj", "{EE5EEABF-35F0-4365-8FAC-83A68E6A1C86}"
EndProject
Project("{FAE04EC0-301F-11D3-BF4B-00C04F79EFBC}") = "HuongDanCoBan", "HuongDanCoBan\HuongDanCoBan.csproj", "{CEF6B3DB-D1FC-409A-9BC9-D0DAFC988065}"
EndProject
Project("{FAE04EC0-301F-11D3-BF4B-00C04F79EFBC}") = "Bai3", "Bai3\Bai3.csproj", "{DEA85DF1-E155-4227-8DF0-DC55F217EF44}"
EndProject
Global
	GlobalSection(SolutionConfigurationPlatforms) = preSolution
		Debug|Any CPU = Debug|Any CPU
		Release|Any CPU = Release|Any CPU
	EndGlobalSection
	GlobalSection(ProjectConfigurationPlatforms) = postSolution
		{EE5EEABF-35F0-4365-8FAC-83A68E6A1C86}.Debug|Any CPU.ActiveCfg = Debug|Any CPU
		{EE5EEABF-35F0-4365-8FAC-83A68E6A1C86}.Debug|Any CPU.Build.0 = Debug|Any CPU
		{EE5EEABF-35F0-4365-8FAC-83A68E6A1C86}.Release|Any CPU.ActiveCfg = Release|Any CPU
		{EE5EEABF-35F0-4365-8FAC-83A68E6A1C86}.Release|Any CPU.Build.0 = Release|Any CPU
		{CEF6B3DB-D1FC-409A-9BC9-D0DAFC988065}.Debug|Any CPU.ActiveCfg = Debug|Any CPU
		{CEF6B3DB-D1FC-409A-9BC9-D0DAFC988065}.Debug|Any CPU.Build.0 = Debug|Any CPU
		{CEF6B3DB-D1FC-409A-9BC9-D0DAFC988065}.Release|Any CPU.ActiveCfg = Release|Any CPU
		{CEF6B3DB-D1FC-409A-9BC9-D0DAFC988065}.Release|Any CPU.Build.0 = Release|Any CPU
		{DEA85DF1-E155-4227-8DF0-DC55F217EF44}.Debug|Any CPU.ActiveCfg = Debug|Any CPU
		{DEA85DF1-E155-4227-8DF0-DC55F217EF44}.Debug|Any CPU.Build.0 = Debug|Any CPU
		{DEA85DF1-E155-4227-8DF0-DC55F217EF44}.Release|Any CPU.ActiveCfg = Release|Any CPU
		{DEA85DF1-E155-4227-8DF0-DC55F217EF44}.Release|Any CPU.Build.0 = Release|Any CPU
	EndGlobalSection
	GlobalSection(SolutionProperties) = preSolution
		HideSolutionNode = FALSE
	EndGlobalSection
	GlobalSection(ExtensibilityGlobals) = postSolution
		SolutionGuid = {2A273A73-846F-4987-B9F1-AB08C6706C05}
	EndGlobalSection
EndGlobal
